
Microsoft Visual Studio Solution File, Format Version 12.00
# Visual Studio 15
VisualStudioVersion = 15.0.26228.9
MinimumVisualStudioVersion = 10.0.40219.1
Project("{FAE04EC0-301F-11D3-BF4B-00C04F79EFBC}") = "WorldWeb.Web", "WorldWeb.Web\WorldWeb.Web.csproj", "{EB14CB30-E2F8-49D1-852B-7CFF82F7D421}"
EndProject
Project("{FAE04EC0-301F-11D3-BF4B-00C04F79EFBC}") = "WorldWeb.Domain", "WorldWeb.Domain\WorldWeb.Domain.csproj", "{9AF82B4A-238D-4F65-A892-CE2F94CD1CA1}"
EndProject
Project("{FAE04EC0-301F-11D3-BF4B-00C04F79EFBC}") = "WorldWeb.Domain.Tests", "WorldWeb.Domain.Tests\WorldWeb.Domain.Tests.csproj", "{49CA02A7-BC91-439A-BE30-465C3A6EFBCB}"
EndProject
Global
	GlobalSection(SolutionConfigurationPlatforms) = preSolution
		Debug|Any CPU = Debug|Any CPU
		Release|Any CPU = Release|Any CPU
	EndGlobalSection
	GlobalSection(ProjectConfigurationPlatforms) = postSolution
		{EB14CB30-E2F8-49D1-852B-7CFF82F7D421}.Debug|Any CPU.ActiveCfg = Debug|Any CPU
		{EB14CB30-E2F8-49D1-852B-7CFF82F7D421}.Debug|Any CPU.Build.0 = Debug|Any CPU
		{EB14CB30-E2F8-49D1-852B-7CFF82F7D421}.Release|Any CPU.ActiveCfg = Release|Any CPU
		{EB14CB30-E2F8-49D1-852B-7CFF82F7D421}.Release|Any CPU.Build.0 = Release|Any CPU
		{9AF82B4A-238D-4F65-A892-CE2F94CD1CA1}.Debug|Any CPU.ActiveCfg = Debug|Any CPU
		{9AF82B4A-238D-4F65-A892-CE2F94CD1CA1}.Debug|Any CPU.Build.0 = Debug|Any CPU
		{9AF82B4A-238D-4F65-A892-CE2F94CD1CA1}.Release|Any CPU.ActiveCfg = Release|Any CPU
		{9AF82B4A-238D-4F65-A892-CE2F94CD1CA1}.Release|Any CPU.Build.0 = Release|Any CPU
		{49CA02A7-BC91-439A-BE30-465C3A6EFBCB}.Debug|Any CPU.ActiveCfg = Debug|Any CPU
		{49CA02A7-BC91-439A-BE30-465C3A6EFBCB}.Debug|Any CPU.Build.0 = Debug|Any CPU
		{49CA02A7-BC91-439A-BE30-465C3A6EFBCB}.Release|Any CPU.ActiveCfg = Release|Any CPU
		{49CA02A7-BC91-439A-BE30-465C3A6EFBCB}.Release|Any CPU.Build.0 = Release|Any CPU
	EndGlobalSection
	GlobalSection(SolutionProperties) = preSolution
		HideSolutionNode = FALSE
	EndGlobalSection
EndGlobal
