
Microsoft Visual Studio Solution File, Format Version 12.00
# Visual Studio 15
VisualStudioVersion = 15.0.26228.9
MinimumVisualStudioVersion = 10.0.40219.1
Project("{9A19103F-16F7-4668-BE54-9A1E7A4F7556}") = "WorldWeb.Api", "WorldWeb.Api\WorldWeb.Api.csproj", "{7053724F-8AA9-4A21-88F5-5BBDA641E179}"
EndProject
Project("{FAE04EC0-301F-11D3-BF4B-00C04F79EFBC}") = "WorldWeb.Core", "WorldWeb.Core\WorldWeb.Core.csproj", "{E2EED226-02FB-4DB6-90C5-26A6B3EDFD57}"
EndProject
Project("{FAE04EC0-301F-11D3-BF4B-00C04F79EFBC}") = "WorldWeb.Tests", "WorldWeb.Tests\WorldWeb.Tests.csproj", "{94C0AEED-BD36-4E98-A4BA-7F32B2AD3799}"
EndProject
Project("{00D1A9C2-B5F0-4AF3-8072-F6C62B433612}") = "WorldWeb.SqlServer", "WorldWeb.SqlServer\WorldWeb.SqlServer.sqlproj", "{C79A9162-1CD1-4E31-983A-8557EB056FA6}"
EndProject
Project("{FAE04EC0-301F-11D3-BF4B-00C04F79EFBC}") = "WorldWeb.Infrastructure", "WorldWeb.Infrastructure\WorldWeb.Infrastructure.csproj", "{D1CEE854-3DD1-4AC8-890D-AF9AE606C61B}"
EndProject
Project("{FAE04EC0-301F-11D3-BF4B-00C04F79EFBC}") = "WorldWeb.DependencyInjection", "WorldWeb.DependencyInjection\WorldWeb.DependencyInjection.csproj", "{CF465B58-F68C-439A-9960-9462F42D74D5}"
EndProject
Global
	GlobalSection(SolutionConfigurationPlatforms) = preSolution
		Debug|Any CPU = Debug|Any CPU
		Release|Any CPU = Release|Any CPU
	EndGlobalSection
	GlobalSection(ProjectConfigurationPlatforms) = postSolution
		{7053724F-8AA9-4A21-88F5-5BBDA641E179}.Debug|Any CPU.ActiveCfg = Debug|Any CPU
		{7053724F-8AA9-4A21-88F5-5BBDA641E179}.Debug|Any CPU.Build.0 = Debug|Any CPU
		{7053724F-8AA9-4A21-88F5-5BBDA641E179}.Release|Any CPU.ActiveCfg = Release|Any CPU
		{7053724F-8AA9-4A21-88F5-5BBDA641E179}.Release|Any CPU.Build.0 = Release|Any CPU
		{E2EED226-02FB-4DB6-90C5-26A6B3EDFD57}.Debug|Any CPU.ActiveCfg = Debug|Any CPU
		{E2EED226-02FB-4DB6-90C5-26A6B3EDFD57}.Debug|Any CPU.Build.0 = Debug|Any CPU
		{E2EED226-02FB-4DB6-90C5-26A6B3EDFD57}.Release|Any CPU.ActiveCfg = Release|Any CPU
		{E2EED226-02FB-4DB6-90C5-26A6B3EDFD57}.Release|Any CPU.Build.0 = Release|Any CPU
		{94C0AEED-BD36-4E98-A4BA-7F32B2AD3799}.Debug|Any CPU.ActiveCfg = Debug|Any CPU
		{94C0AEED-BD36-4E98-A4BA-7F32B2AD3799}.Debug|Any CPU.Build.0 = Debug|Any CPU
		{94C0AEED-BD36-4E98-A4BA-7F32B2AD3799}.Release|Any CPU.ActiveCfg = Release|Any CPU
		{94C0AEED-BD36-4E98-A4BA-7F32B2AD3799}.Release|Any CPU.Build.0 = Release|Any CPU
		{C79A9162-1CD1-4E31-983A-8557EB056FA6}.Debug|Any CPU.ActiveCfg = Debug|Any CPU
		{C79A9162-1CD1-4E31-983A-8557EB056FA6}.Debug|Any CPU.Build.0 = Debug|Any CPU
		{C79A9162-1CD1-4E31-983A-8557EB056FA6}.Debug|Any CPU.Deploy.0 = Debug|Any CPU
		{C79A9162-1CD1-4E31-983A-8557EB056FA6}.Release|Any CPU.ActiveCfg = Release|Any CPU
		{C79A9162-1CD1-4E31-983A-8557EB056FA6}.Release|Any CPU.Build.0 = Release|Any CPU
		{C79A9162-1CD1-4E31-983A-8557EB056FA6}.Release|Any CPU.Deploy.0 = Release|Any CPU
		{D1CEE854-3DD1-4AC8-890D-AF9AE606C61B}.Debug|Any CPU.ActiveCfg = Debug|Any CPU
		{D1CEE854-3DD1-4AC8-890D-AF9AE606C61B}.Debug|Any CPU.Build.0 = Debug|Any CPU
		{D1CEE854-3DD1-4AC8-890D-AF9AE606C61B}.Release|Any CPU.ActiveCfg = Release|Any CPU
		{D1CEE854-3DD1-4AC8-890D-AF9AE606C61B}.Release|Any CPU.Build.0 = Release|Any CPU
		{CF465B58-F68C-439A-9960-9462F42D74D5}.Debug|Any CPU.ActiveCfg = Debug|Any CPU
		{CF465B58-F68C-439A-9960-9462F42D74D5}.Debug|Any CPU.Build.0 = Debug|Any CPU
		{CF465B58-F68C-439A-9960-9462F42D74D5}.Release|Any CPU.ActiveCfg = Release|Any CPU
		{CF465B58-F68C-439A-9960-9462F42D74D5}.Release|Any CPU.Build.0 = Release|Any CPU
	EndGlobalSection
	GlobalSection(SolutionProperties) = preSolution
		HideSolutionNode = FALSE
	EndGlobalSection
	GlobalSection(ExtensibilityGlobals) = postSolution
		SolutionGuid = {52196B11-FA6B-4FBF-A3AC-2E2D999B16E0}
	EndGlobalSection
EndGlobal
